
Microsoft Visual Studio Solution File, Format Version 12.00
# Visual Studio Version 17
VisualStudioVersion = 17.5.33627.172
MinimumVisualStudioVersion = 10.0.40219.1
Project("{9A19103F-16F7-4668-BE54-9A1E7A4F7556}") = "LearnC#", "LearnC#\LearnC#.csproj", "{61F212E3-5006-4B9C-A3D2-6B7C6F9CC510}"
EndProject
Project("{9A19103F-16F7-4668-BE54-9A1E7A4F7556}") = "AbstractClassesAndInterfaces", "AbstractClassesAndInterfaces\AbstractClassesAndInterfaces.csproj", "{F1935304-9837-4671-86E0-A8908DEEED71}"
EndProject
Project("{2150E333-8FDC-42A3-9474-1A3956D46DE8}") = "Exam", "Exam", "{3681AB24-9A13-4C6A-A4D8-A665955AD12A}"
EndProject
Project("{9A19103F-16F7-4668-BE54-9A1E7A4F7556}") = "ClassExamConsole", "ClassExamConsole\ClassExamConsole.csproj", "{8EF8BD02-5964-4B4F-A18B-7390075BD758}"
EndProject
Project("{9A19103F-16F7-4668-BE54-9A1E7A4F7556}") = "ClassExamBusiness", "ClassExamBusiness\ClassExamBusiness.csproj", "{CDDC9EC3-E805-43E1-A5C4-D5558FE268FB}"
EndProject
Project("{2150E333-8FDC-42A3-9474-1A3956D46DE8}") = "API", "API", "{CBA62FD1-4E4B-4F97-9BE6-ED9FB7C8F4E3}"
EndProject
Project("{9A19103F-16F7-4668-BE54-9A1E7A4F7556}") = "LearnApi", "LearnApi\LearnApi.csproj", "{CB747A4B-1129-4E6C-94EA-7DA9A2F73697}"
EndProject
Project("{FAE04EC0-301F-11D3-BF4B-00C04F79EFBC}") = "EntityCodeFirstExamLib", "EntityCodeFirstExamLib\EntityCodeFirstExamLib.csproj", "{4409FEF0-E3EE-461E-994F-585DC135A8C6}"
EndProject
Global
	GlobalSection(SolutionConfigurationPlatforms) = preSolution
		Debug|Any CPU = Debug|Any CPU
		Release|Any CPU = Release|Any CPU
	EndGlobalSection
	GlobalSection(ProjectConfigurationPlatforms) = postSolution
		{61F212E3-5006-4B9C-A3D2-6B7C6F9CC510}.Debug|Any CPU.ActiveCfg = Debug|Any CPU
		{61F212E3-5006-4B9C-A3D2-6B7C6F9CC510}.Debug|Any CPU.Build.0 = Debug|Any CPU
		{61F212E3-5006-4B9C-A3D2-6B7C6F9CC510}.Release|Any CPU.ActiveCfg = Release|Any CPU
		{61F212E3-5006-4B9C-A3D2-6B7C6F9CC510}.Release|Any CPU.Build.0 = Release|Any CPU
		{F1935304-9837-4671-86E0-A8908DEEED71}.Debug|Any CPU.ActiveCfg = Debug|Any CPU
		{F1935304-9837-4671-86E0-A8908DEEED71}.Debug|Any CPU.Build.0 = Debug|Any CPU
		{F1935304-9837-4671-86E0-A8908DEEED71}.Release|Any CPU.ActiveCfg = Release|Any CPU
		{F1935304-9837-4671-86E0-A8908DEEED71}.Release|Any CPU.Build.0 = Release|Any CPU
		{8EF8BD02-5964-4B4F-A18B-7390075BD758}.Debug|Any CPU.ActiveCfg = Debug|Any CPU
		{8EF8BD02-5964-4B4F-A18B-7390075BD758}.Debug|Any CPU.Build.0 = Debug|Any CPU
		{8EF8BD02-5964-4B4F-A18B-7390075BD758}.Release|Any CPU.ActiveCfg = Release|Any CPU
		{8EF8BD02-5964-4B4F-A18B-7390075BD758}.Release|Any CPU.Build.0 = Release|Any CPU
		{CDDC9EC3-E805-43E1-A5C4-D5558FE268FB}.Debug|Any CPU.ActiveCfg = Debug|Any CPU
		{CDDC9EC3-E805-43E1-A5C4-D5558FE268FB}.Debug|Any CPU.Build.0 = Debug|Any CPU
		{CDDC9EC3-E805-43E1-A5C4-D5558FE268FB}.Release|Any CPU.ActiveCfg = Release|Any CPU
		{CDDC9EC3-E805-43E1-A5C4-D5558FE268FB}.Release|Any CPU.Build.0 = Release|Any CPU
		{CB747A4B-1129-4E6C-94EA-7DA9A2F73697}.Debug|Any CPU.ActiveCfg = Debug|Any CPU
		{CB747A4B-1129-4E6C-94EA-7DA9A2F73697}.Debug|Any CPU.Build.0 = Debug|Any CPU
		{CB747A4B-1129-4E6C-94EA-7DA9A2F73697}.Release|Any CPU.ActiveCfg = Release|Any CPU
		{CB747A4B-1129-4E6C-94EA-7DA9A2F73697}.Release|Any CPU.Build.0 = Release|Any CPU
		{4409FEF0-E3EE-461E-994F-585DC135A8C6}.Debug|Any CPU.ActiveCfg = Debug|Any CPU
		{4409FEF0-E3EE-461E-994F-585DC135A8C6}.Debug|Any CPU.Build.0 = Debug|Any CPU
		{4409FEF0-E3EE-461E-994F-585DC135A8C6}.Release|Any CPU.ActiveCfg = Release|Any CPU
		{4409FEF0-E3EE-461E-994F-585DC135A8C6}.Release|Any CPU.Build.0 = Release|Any CPU
	EndGlobalSection
	GlobalSection(SolutionProperties) = preSolution
		HideSolutionNode = FALSE
	EndGlobalSection
	GlobalSection(NestedProjects) = preSolution
		{8EF8BD02-5964-4B4F-A18B-7390075BD758} = {3681AB24-9A13-4C6A-A4D8-A665955AD12A}
		{CDDC9EC3-E805-43E1-A5C4-D5558FE268FB} = {3681AB24-9A13-4C6A-A4D8-A665955AD12A}
		{CB747A4B-1129-4E6C-94EA-7DA9A2F73697} = {CBA62FD1-4E4B-4F97-9BE6-ED9FB7C8F4E3}
		{4409FEF0-E3EE-461E-994F-585DC135A8C6} = {CBA62FD1-4E4B-4F97-9BE6-ED9FB7C8F4E3}
	EndGlobalSection
	GlobalSection(ExtensibilityGlobals) = postSolution
		SolutionGuid = {F02AC8E4-2B7C-4299-9FA7-706D0866BE51}
	EndGlobalSection
EndGlobal
